// !$*UTF8*$!
{
	archiveVersion = 1;
	classes = {
	};
	objectVersion = 46;
	objects = {

/* Begin PBXBuildFile section */
		FBFE8EA31E5FC82600D9316E /* AppDelegate.swift in Sources */ = {isa = PBXBuildFile; fileRef = FBFE8EA21E5FC82600D9316E /* AppDelegate.swift */; };
		FBFE8EA51E5FC82600D9316E /* ViewController.swift in Sources */ = {isa = PBXBuildFile; fileRef = FBFE8EA41E5FC82600D9316E /* ViewController.swift */; };
		FBFE8EA81E5FC82700D9316E /* Main.storyboard in Resources */ = {isa = PBXBuildFile; fileRef = FBFE8EA61E5FC82700D9316E /* Main.storyboard */; };
		FBFE8EAA1E5FC82700D9316E /* Assets.xcassets in Resources */ = {isa = PBXBuildFile; fileRef = FBFE8EA91E5FC82700D9316E /* Assets.xcassets */; };
		FBFE8EAD1E5FC82700D9316E /* LaunchScreen.storyboard in Resources */ = {isa = PBXBuildFile; fileRef = FBFE8EAB1E5FC82700D9316E /* LaunchScreen.storyboard */; };
/* End PBXBuildFile section */

/* Begin PBXFileReference section */
		FBFE8E9F1E5FC82600D9316E /* Table Dinamico en iOS 2.app */ = {isa = PBXFileReference; explicitFileType = wrapper.application; includeInIndex = 0; path = "Table Dinamico en iOS 2.app"; sourceTree = BUILT_PRODUCTS_DIR; };
		FBFE8EA21E5FC82600D9316E /* AppDelegate.swift */ = {isa = PBXFileReference; lastKnownFileType = sourcecode.swift; path = AppDelegate.swift; sourceTree = "<group>"; };
		FBFE8EA41E5FC82600D9316E /* ViewController.swift */ = {isa = PBXFileReference; lastKnownFileType = sourcecode.swift; path = ViewController.swift; sourceTree = "<group>"; };
		FBFE8EA71E5FC82700D9316E /* Base */ = {isa = PBXFileReference; lastKnownFileType = file.storyboard; name = Base; path = Base.lproj/Main.storyboard; sourceTree = "<group>"; };
		FBFE8EA91E5FC82700D9316E /* Assets.xcassets */ = {isa = PBXFileReference; lastKnownFileType = folder.assetcatalog; path = Assets.xcassets; sourceTree = "<group>"; };
		FBFE8EAC1E5FC82700D9316E /* Base */ = {isa = PBXFileReference; lastKnownFileType = file.storyboard; name = Base; path = Base.lproj/LaunchScreen.storyboard; sourceTree = "<group>"; };
		FBFE8EAE1E5FC82700D9316E /* Info.plist */ = {isa = PBXFileReference; lastKnownFileType = text.plist.xml; path = Info.plist; sourceTree = "<group>"; };
/* End PBXFileReference section */

/* Begin PBXFrameworksBuildPhase section */
		FBFE8E9C1E5FC82600D9316E /* Frameworks */ = {
			isa = PBXFrameworksBuildPhase;
			buildActionMask = 2147483647;
			files = (
			);
			runOnlyForDeploymentPostprocessing = 0;
		};
/* End PBXFrameworksBuildPhase section */

/* Begin PBXGroup section */
		FBFE8E961E5FC82600D9316E = {
			isa = PBXGroup;
			children = (
				FBFE8EA11E5FC82600D9316E /* Table Dinamico en iOS 2 */,
				FBFE8EA01E5FC82600D9316E /* Products */,
			);
			sourceTree = "<group>";
		};
		FBFE8EA01E5FC82600D9316E /* Products */ = {
			isa = PBXGroup;
			children = (
				FBFE8E9F1E5FC82600D9316E /* Table Dinamico en iOS 2.app */,
			);
			name = Products;
			sourceTree = "<group>";
		};
		FBFE8EA11E5FC82600D9316E /* Table Dinamico en iOS 2 */ = {
			isa = PBXGroup;
			children = (
				FBFE8EA21E5FC82600D9316E /* AppDelegate.swift */,
				FBFE8EA41E5FC82600D9316E /* ViewController.swift */,
				FBFE8EA61E5FC82700D9316E /* Main.storyboard */,
				FBFE8EA91E5FC82700D9316E /* Assets.xcassets */,
				FBFE8EAB1E5FC82700D9316E /* LaunchScreen.storyboard */,
				FBFE8EAE1E5FC82700D9316E /* Info.plist */,
			);
			path = "Table Dinamico en iOS 2";
			sourceTree = "<group>";
		};
/* End PBXGroup section */

/* Begin PBXNativeTarget section */
		FBFE8E9E1E5FC82600D9316E /* Table Dinamico en iOS 2 */ = {
			isa = PBXNativeTarget;
			buildConfigurationList = FBFE8EB11E5FC82700D9316E /* Build configuration list for PBXNativeTarget "Table Dinamico en iOS 2" */;
			buildPhases = (
				FBFE8E9B1E5FC82600D9316E /* Sources */,
				FBFE8E9C1E5FC82600D9316E /* Frameworks */,
				FBFE8E9D1E5FC82600D9316E /* Resources */,
			);
			buildRules = (
			);
			dependencies = (
			);
			name = "Table Dinamico en iOS 2";
			productName = "Table Dinamico en iOS 2";
			productReference = FBFE8E9F1E5FC82600D9316E /* Table Dinamico en iOS 2.app */;
			productType = "com.apple.product-type.application";
		};
/* End PBXNativeTarget section */

/* Begin PBXProject section */
		FBFE8E971E5FC82600D9316E /* Project object */ = {
			isa = PBXProject;
			attributes = {
				LastSwiftUpdateCheck = 0800;
				LastUpgradeCheck = 0800;
				ORGANIZATIONNAME = alumno;
				TargetAttributes = {
					FBFE8E9E1E5FC82600D9316E = {
						CreatedOnToolsVersion = 8.0;
						ProvisioningStyle = Automatic;
					};
				};
			};
			buildConfigurationList = FBFE8E9A1E5FC82600D9316E /* Build configuration list for PBXProject "Table Dinamico en iOS 2" */;
			compatibilityVersion = "Xcode 3.2";
			developmentRegion = English;
			hasScannedForEncodings = 0;
			knownRegions = (
				en,
				Base,
			);
			mainGroup = FBFE8E961E5FC82600D9316E;
			productRefGroup = FBFE8EA01E5FC82600D9316E /* Products */;
			projectDirPath = "";
			projectRoot = "";
			targets = (
				FBFE8E9E1E5FC82600D9316E /* Table Dinamico en iOS 2 */,
			);
		};
/* End PBXProject section */

/* Begin PBXResourcesBuildPhase section */
		FBFE8E9D1E5FC82600D9316E /* Resources */ = {
			isa = PBXResourcesBuildPhase;
			buildActionMask = 2147483647;
			files = (
				FBFE8EAD1E5FC82700D9316E /* LaunchScreen.storyboard in Resources */,
				FBFE8EAA1E5FC82700D9316E /* Assets.xcassets in Resources */,
				FBFE8EA81E5FC82700D9316E /* Main.storyboard in Resources */,
			);
			runOnlyForDeploymentPostprocessing = 0;
		};
/* End PBXResourcesBuildPhase section */

/* Begin PBXSourcesBuildPhase section */
		FBFE8E9B1E5FC82600D9316E /* Sources */ = {
			isa = PBXSourcesBuildPhase;
			buildActionMask = 2147483647;
			files = (
				FBFE8EA51E5FC82600D9316E /* ViewController.swift in Sources */,
				FBFE8EA31E5FC82600D9316E /* AppDelegate.swift in Sources */,
			);
			runOnlyForDeploymentPostprocessing = 0;
		};
/* End PBXSourcesBuildPhase section */

/* Begin PBXVariantGroup section */
		FBFE8EA61E5FC82700D9316E /* Main.storyboard */ = {
			isa = PBXVariantGroup;
			children = (
				FBFE8EA71E5FC82700D9316E /* Base */,
			);
			name = Main.storyboard;
			sourceTree = "<group>";
		};
		FBFE8EAB1E5FC82700D9316E /* LaunchScreen.storyboard */ = {
			isa = PBXVariantGroup;
			children = (
				FBFE8EAC1E5FC82700D9316E /* Base */,
			);
			name = LaunchScreen.storyboard;
			sourceTree = "<group>";
		};
/* End PBXVariantGroup section */

/* Begin XCBuildConfiguration section */
		FBFE8EAF1E5FC82700D9316E /* Debug */ = {
			isa = XCBuildConfiguration;
			buildSettings = {
				ALWAYS_SEARCH_USER_PATHS = NO;
				CLANG_ANALYZER_NONNULL = YES;
				CLANG_CXX_LANGUAGE_STANDARD = "gnu++0x";
				CLANG_CXX_LIBRARY = "libc++";
				CLANG_ENABLE_MODULES = YES;
				CLANG_ENABLE_OBJC_ARC = YES;
				CLANG_WARN_BOOL_CONVERSION = YES;
				CLANG_WARN_CONSTANT_CONVERSION = YES;
				CLANG_WARN_DIRECT_OBJC_ISA_USAGE = YES_ERROR;
				CLANG_WARN_DOCUMENTATION_COMMENTS = YES;
				CLANG_WARN_EMPTY_BODY = YES;
				CLANG_WARN_ENUM_CONVERSION = YES;
				CLANG_WARN_INFINITE_RECURSION = YES;
				CLANG_WARN_INT_CONVERSION = YES;
				CLANG_WARN_OBJC_ROOT_CLASS = YES_ERROR;
				CLANG_WARN_SUSPICIOUS_MOVES = YES;
				CLANG_WARN_UNREACHABLE_CODE = YES;
				CLANG_WARN__DUPLICATE_METHOD_MATCH = YES;
				"CODE_SIGN_IDENTITY[sdk=iphoneos*]" = "iPhone Developer";
				COPY_PHASE_STRIP = NO;
				DEBUG_INFORMATION_FORMAT = dwarf;
				ENABLE_STRICT_OBJC_MSGSEND = YES;
				ENABLE_TESTABILITY = YES;
				GCC_C_LANGUAGE_STANDARD = gnu99;
				GCC_DYNAMIC_NO_PIC = NO;
				GCC_NO_COMMON_BLOCKS = YES;
				GCC_OPTIMIZATION_LEVEL = 0;
				GCC_PREPROCESSOR_DEFINITIONS = (
					"DEBUG=1",
					"$(inherited)",
				);
				GCC_WARN_64_TO_32_BIT_CONVERSION = YES;
				GCC_WARN_ABOUT_RETURN_TYPE = YES_ERROR;
				GCC_WARN_UNDECLARED_SELECTOR = YES;
				GCC_WARN_UNINITIALIZED_AUTOS = YES_AGGRESSIVE;
				GCC_WARN_UNUSED_FUNCTION = YES;
				GCC_WARN_UNUSED_VARIABLE = YES;
				IPHONEOS_DEPLOYMENT_TARGET = 10.0;
				MTL_ENABLE_DEBUG_INFO = YES;
				ONLY_ACTIVE_ARCH = YES;
				SDKROOT = iphoneos;
				SWIFT_ACTIVE_COMPILATION_CONDITIONS = DEBUG;
				SWIFT_OPTIMIZATION_LEVEL = "-Onone";
				TARGETED_DEVICE_FAMILY = "1,2";
			};
			name = Debug;
		};
		FBFE8EB01E5FC82700D9316E /* Release */ = {
			isa = XCBuildConfiguration;
			buildSettings = {
				ALWAYS_SEARCH_USER_PATHS = NO;
				CLANG_ANALYZER_NONNULL = YES;
				CLANG_CXX_LANGUAGE_STANDARD = "gnu++0x";
				CLANG_CXX_LIBRARY = "libc++";
				CLANG_ENABLE_MODULES = YES;
				CLANG_ENABLE_OBJC_ARC = YES;
				CLANG_WARN_BOOL_CONVERSION = YES;
				CLANG_WARN_CONSTANT_CONVERSION = YES;
				CLANG_WARN_DIRECT_OBJC_ISA_USAGE = YES_ERROR;
				CLANG_WARN_DOCUMENTATION_COMMENTS = YES;
				CLANG_WARN_EMPTY_BODY = YES;
				CLANG_WARN_ENUM_CONVERSION = YES;
				CLANG_WARN_INFINITE_RECURSION = YES;
				CLANG_WARN_INT_CONVERSION = YES;
				CLANG_WARN_OBJC_ROOT_CLASS = YES_ERROR;
				CLANG_WARN_SUSPICIOUS_MOVES = YES;
				CLANG_WARN_UNREACHABLE_CODE = YES;
				CLANG_WARN__DUPLICATE_METHOD_MATCH = YES;
				"CODE_SIGN_IDENTITY[sdk=iphoneos*]" = "iPhone Developer";
				COPY_PHASE_STRIP = NO;
				DEBUG_INFORMATION_FORMAT = "dwarf-with-dsym";
				ENABLE_NS_ASSERTIONS = NO;
				ENABLE_STRICT_OBJC_MSGSEND = YES;
				GCC_C_LANGUAGE_STANDARD = gnu99;
				GCC_NO_COMMON_BLOCKS = YES;
				GCC_WARN_64_TO_32_BIT_CONVERSION = YES;
				GCC_WARN_ABOUT_RETURN_TYPE = YES_ERROR;
				GCC_WARN_UNDECLARED_SELECTOR = YES;
				GCC_WARN_UNINITIALIZED_AUTOS = YES_AGGRESSIVE;
				GCC_WARN_UNUSED_FUNCTION = YES;
				GCC_WARN_UNUSED_VARIABLE = YES;
				IPHONEOS_DEPLOYMENT_TARGET = 10.0;
				MTL_ENABLE_DEBUG_INFO = NO;
				SDKROOT = iphoneos;
				SWIFT_OPTIMIZATION_LEVEL = "-Owholemodule";
				TARGETED_DEVICE_FAMILY = "1,2";
				VALIDATE_PRODUCT = YES;
			};
			name = Release;
		};
		FBFE8EB21E5FC82700D9316E /* Debug */ = {
			isa = XCBuildConfiguration;
			buildSettings = {
				ASSETCATALOG_COMPILER_APPICON_NAME = AppIcon;
				INFOPLIST_FILE = "Table Dinamico en iOS 2/Info.plist";
				LD_RUNPATH_SEARCH_PATHS = "$(inherited) @executable_path/Frameworks";
				PRODUCT_BUNDLE_IDENTIFIER = "pe.sulca.Table-Dinamico-en-iOS-2";
				PRODUCT_NAME = "$(TARGET_NAME)";
				SWIFT_VERSION = 3.0;
			};
			name = Debug;
		};
		FBFE8EB31E5FC82700D9316E /* Release */ = {
			isa = XCBuildConfiguration;
			buildSettings = {
				ASSETCATALOG_COMPILER_APPICON_NAME = AppIcon;
				INFOPLIST_FILE = "Table Dinamico en iOS 2/Info.plist";
				LD_RUNPATH_SEARCH_PATHS = "$(inherited) @executable_path/Frameworks";
				PRODUCT_BUNDLE_IDENTIFIER = "pe.sulca.Table-Dinamico-en-iOS-2";
				PRODUCT_NAME = "$(TARGET_NAME)";
				SWIFT_VERSION = 3.0;
			};
			name = Release;
		};
/* End XCBuildConfiguration section */

/* Begin XCConfigurationList section */
		FBFE8E9A1E5FC82600D9316E /* Build configuration list for PBXProject "Table Dinamico en iOS 2" */ = {
			isa = XCConfigurationList;
			buildConfigurations = (
				FBFE8EAF1E5FC82700D9316E /* Debug */,
				FBFE8EB01E5FC82700D9316E /* Release */,
			);
			defaultConfigurationIsVisible = 0;
			defaultConfigurationName = Release;
		};
		FBFE8EB11E5FC82700D9316E /* Build configuration list for PBXNativeTarget "Table Dinamico en iOS 2" */ = {
			isa = XCConfigurationList;
			buildConfigurations = (
				FBFE8EB21E5FC82700D9316E /* Debug */,
				FBFE8EB31E5FC82700D9316E /* Release */,
			);
			defaultConfigurationIsVisible = 0;
		};
/* End XCConfigurationList section */
	};
	rootObject = FBFE8E971E5FC82600D9316E /* Project object */;
}
